
Microsoft Visual Studio Solution File, Format Version 12.00
# Visual Studio 2012
Project("{FAE04EC0-301F-11D3-BF4B-00C04F79EFBC}") = "EmptyASPNETServiceStack", "EmptyASPNETServiceStack\EmptyASPNETServiceStack.csproj", "{495EF72E-3F49-46FE-AC06-14FFB5AD8D44}"
EndProject
Global
	GlobalSection(SolutionConfigurationPlatforms) = preSolution
		Debug|Any CPU = Debug|Any CPU
		Release|Any CPU = Release|Any CPU
	EndGlobalSection
	GlobalSection(ProjectConfigurationPlatforms) = postSolution
		{495EF72E-3F49-46FE-AC06-14FFB5AD8D44}.Debug|Any CPU.ActiveCfg = Debug|Any CPU
		{495EF72E-3F49-46FE-AC06-14FFB5AD8D44}.Debug|Any CPU.Build.0 = Debug|Any CPU
		{495EF72E-3F49-46FE-AC06-14FFB5AD8D44}.Release|Any CPU.ActiveCfg = Release|Any CPU
		{495EF72E-3F49-46FE-AC06-14FFB5AD8D44}.Release|Any CPU.Build.0 = Release|Any CPU
	EndGlobalSection
	GlobalSection(SolutionProperties) = preSolution
		HideSolutionNode = FALSE
	EndGlobalSection
EndGlobal
